
Microsoft Visual Studio Solution File, Format Version 12.00
# Visual Studio Version 17
VisualStudioVersion = 17.5.33424.131
MinimumVisualStudioVersion = 10.0.40219.1
Project("{888888A0-9F3D-457C-B088-3A5042F75D52}") = "FinalCohortSchedAuto", "FinalCohortSchedAuto\FinalCohortSchedAuto.pyproj", "{00A3ED2A-136A-4B17-9437-B1DDDB05843F}"
EndProject
Global
	GlobalSection(SolutionConfigurationPlatforms) = preSolution
		Debug|Any CPU = Debug|Any CPU
		Release|Any CPU = Release|Any CPU
	EndGlobalSection
	GlobalSection(ProjectConfigurationPlatforms) = postSolution
		{00A3ED2A-136A-4B17-9437-B1DDDB05843F}.Debug|Any CPU.ActiveCfg = Release|Any CPU
		{00A3ED2A-136A-4B17-9437-B1DDDB05843F}.Release|Any CPU.ActiveCfg = Release|Any CPU
	EndGlobalSection
	GlobalSection(SolutionProperties) = preSolution
		HideSolutionNode = FALSE
	EndGlobalSection
	GlobalSection(ExtensibilityGlobals) = postSolution
		SolutionGuid = {D98E9592-772C-4408-B0AF-AF7622029442}
	EndGlobalSection
EndGlobal
